# THIS IS AN AUTOGENERATED FILE. DO NOT EDIT THIS FILE DIRECTLY.
# yarn lockfile v1


prettier@3.0.3:
  version "3.0.3"
  resolved "https://registry.yarnpkg.com/prettier/-/prettier-3.0.3.tgz#432a51f7ba422d1469096c0fdc28e235db8f9643"
  integrity sha512-L/4pUDMxcNa8R/EthV08Zt42WBO4h1rarVtK0K+QJG0X187OLo7l699jWw0GKuwzkPQ//jMFA/8Xm6Fh3J/DAg==

stream-chain@2.2.5, stream-chain@^2.2.5:
  version "2.2.5"
  resolved "https://registry.yarnpkg.com/stream-chain/-/stream-chain-2.2.5.tgz#b30967e8f14ee033c5b9a19bbe8a2cba90ba0d09"
  integrity sha512-1TJmBx6aSWqZ4tx7aTpBDXK0/e2hhcNSTV8+CbFJtDjbb+I1mZ8lHit0Grw9GRT+6JbIrrDd8esncgBi8aBXGA==

stream-fork@1.0.5:
  version "1.0.5"
  resolved "https://registry.yarnpkg.com/stream-fork/-/stream-fork-1.0.5.tgz#6402dbe456e3588bf180cc19463c0487fc6f36fc"
  integrity sha512-kRaa+t3lB5psyojuUpyNCMsDAvJMmfLw53uNaZXABxQzbMeHa9a6CNavhhjDzTegVyqPM8/QueRowBibwzXhcg==

stream-json@1.8.0:
  version "1.8.0"
  resolved "https://registry.yarnpkg.com/stream-json/-/stream-json-1.8.0.tgz#53f486b2e3b4496c506131f8d7260ba42def151c"
  integrity sha512-HZfXngYHUAr1exT4fxlbc1IOce1RYxp2ldeaf97LYCOPSoOqY/1Psp7iGvpb+6JIOgkra9zDYnPX01hGAHzEPw==
  dependencies:
    stream-chain "^2.2.5"
